
Microsoft Visual Studio Solution File, Format Version 12.00
# Visual Studio Version 17
VisualStudioVersion = 17.6.33723.286
MinimumVisualStudioVersion = 10.0.40219.1
Project("{9A19103F-16F7-4668-BE54-9A1E7A4F7556}") = "Trainingassignment", "Trainingassgnment\Trainingassignment.csproj", "{6DDF3FBC-A641-4952-B096-B0BEF9DD997D}"
EndProject
Project("{FAE04EC0-301F-11D3-BF4B-00C04F79EFBC}") = "practice-project", "practice-project\practice-project.csproj", "{A590F700-CE89-4140-A598-CBB642939EA5}"
EndProject
Project("{FAE04EC0-301F-11D3-BF4B-00C04F79EFBC}") = "Assignment3", "Assignment3\Assignment3.csproj", "{A9042323-4058-4BF3-ABD9-B90419AA99A7}"
EndProject
Global
	GlobalSection(SolutionConfigurationPlatforms) = preSolution
		Debug|Any CPU = Debug|Any CPU
		Release|Any CPU = Release|Any CPU
	EndGlobalSection
	GlobalSection(ProjectConfigurationPlatforms) = postSolution
		{6DDF3FBC-A641-4952-B096-B0BEF9DD997D}.Debug|Any CPU.ActiveCfg = Debug|Any CPU
		{6DDF3FBC-A641-4952-B096-B0BEF9DD997D}.Debug|Any CPU.Build.0 = Debug|Any CPU
		{6DDF3FBC-A641-4952-B096-B0BEF9DD997D}.Release|Any CPU.ActiveCfg = Release|Any CPU
		{6DDF3FBC-A641-4952-B096-B0BEF9DD997D}.Release|Any CPU.Build.0 = Release|Any CPU
		{A590F700-CE89-4140-A598-CBB642939EA5}.Debug|Any CPU.ActiveCfg = Debug|Any CPU
		{A590F700-CE89-4140-A598-CBB642939EA5}.Debug|Any CPU.Build.0 = Debug|Any CPU
		{A590F700-CE89-4140-A598-CBB642939EA5}.Release|Any CPU.ActiveCfg = Release|Any CPU
		{A590F700-CE89-4140-A598-CBB642939EA5}.Release|Any CPU.Build.0 = Release|Any CPU
		{A9042323-4058-4BF3-ABD9-B90419AA99A7}.Debug|Any CPU.ActiveCfg = Debug|Any CPU
		{A9042323-4058-4BF3-ABD9-B90419AA99A7}.Debug|Any CPU.Build.0 = Debug|Any CPU
		{A9042323-4058-4BF3-ABD9-B90419AA99A7}.Release|Any CPU.ActiveCfg = Release|Any CPU
		{A9042323-4058-4BF3-ABD9-B90419AA99A7}.Release|Any CPU.Build.0 = Release|Any CPU
	EndGlobalSection
	GlobalSection(SolutionProperties) = preSolution
		HideSolutionNode = FALSE
	EndGlobalSection
	GlobalSection(ExtensibilityGlobals) = postSolution
		SolutionGuid = {C6B0C87A-90E7-4D25-8528-A83458E735EC}
	EndGlobalSection
EndGlobal
